
Microsoft Visual Studio Solution File, Format Version 11.00
# Visual Studio 2010
Project("{8BC9CEB8-8B4A-11D0-8D11-00A0C91BC942}") = "memory_pool", "memory_pool.vcxproj", "{18440967-19CF-4BDD-B74C-BA6FB5AF9DB0}"
EndProject
Global
	GlobalSection(SolutionConfigurationPlatforms) = preSolution
		Debug|Win32 = Debug|Win32
		Release|Win32 = Release|Win32
	EndGlobalSection
	GlobalSection(ProjectConfigurationPlatforms) = postSolution
		{18440967-19CF-4BDD-B74C-BA6FB5AF9DB0}.Debug|Win32.ActiveCfg = Debug|Win32
		{18440967-19CF-4BDD-B74C-BA6FB5AF9DB0}.Debug|Win32.Build.0 = Debug|Win32
		{18440967-19CF-4BDD-B74C-BA6FB5AF9DB0}.Release|Win32.ActiveCfg = Release|Win32
		{18440967-19CF-4BDD-B74C-BA6FB5AF9DB0}.Release|Win32.Build.0 = Release|Win32
	EndGlobalSection
	GlobalSection(SolutionProperties) = preSolution
		HideSolutionNode = FALSE
	EndGlobalSection
EndGlobal
